
Microsoft Visual Studio Solution File, Format Version 12.00
# Visual Studio Version 17
VisualStudioVersion = 17.1.32319.34
MinimumVisualStudioVersion = 10.0.40219.1
Project("{FAE04EC0-301F-11D3-BF4B-00C04F79EFBC}") = "GameReviewsAPI.Data", "GameReviewsAPI.Data\GameReviewsAPI.Data.csproj", "{AE706FB9-06FB-493B-A144-C3F8C3911FE1}"
EndProject
Project("{FAE04EC0-301F-11D3-BF4B-00C04F79EFBC}") = "GameReviewsAPI.Domain", "GameReviewsAPI.Domain\GameReviewsAPI.Domain.csproj", "{2E3376F3-E71F-44F2-BF98-A6EE4709DA46}"
EndProject
Project("{FAE04EC0-301F-11D3-BF4B-00C04F79EFBC}") = "GameReviewsAPI", "GameReviewsAPI\GameReviewsAPI.csproj", "{4A4D111A-1D5F-4E5B-99E3-3E2E253E62D9}"
EndProject
Global
	GlobalSection(SolutionConfigurationPlatforms) = preSolution
		Debug|Any CPU = Debug|Any CPU
		Release|Any CPU = Release|Any CPU
	EndGlobalSection
	GlobalSection(ProjectConfigurationPlatforms) = postSolution
		{AE706FB9-06FB-493B-A144-C3F8C3911FE1}.Debug|Any CPU.ActiveCfg = Debug|Any CPU
		{AE706FB9-06FB-493B-A144-C3F8C3911FE1}.Debug|Any CPU.Build.0 = Debug|Any CPU
		{AE706FB9-06FB-493B-A144-C3F8C3911FE1}.Release|Any CPU.ActiveCfg = Release|Any CPU
		{AE706FB9-06FB-493B-A144-C3F8C3911FE1}.Release|Any CPU.Build.0 = Release|Any CPU
		{2E3376F3-E71F-44F2-BF98-A6EE4709DA46}.Debug|Any CPU.ActiveCfg = Debug|Any CPU
		{2E3376F3-E71F-44F2-BF98-A6EE4709DA46}.Debug|Any CPU.Build.0 = Debug|Any CPU
		{2E3376F3-E71F-44F2-BF98-A6EE4709DA46}.Release|Any CPU.ActiveCfg = Release|Any CPU
		{2E3376F3-E71F-44F2-BF98-A6EE4709DA46}.Release|Any CPU.Build.0 = Release|Any CPU
		{4A4D111A-1D5F-4E5B-99E3-3E2E253E62D9}.Debug|Any CPU.ActiveCfg = Debug|Any CPU
		{4A4D111A-1D5F-4E5B-99E3-3E2E253E62D9}.Debug|Any CPU.Build.0 = Debug|Any CPU
		{4A4D111A-1D5F-4E5B-99E3-3E2E253E62D9}.Release|Any CPU.ActiveCfg = Release|Any CPU
		{4A4D111A-1D5F-4E5B-99E3-3E2E253E62D9}.Release|Any CPU.Build.0 = Release|Any CPU
	EndGlobalSection
	GlobalSection(SolutionProperties) = preSolution
		HideSolutionNode = FALSE
	EndGlobalSection
	GlobalSection(ExtensibilityGlobals) = postSolution
		SolutionGuid = {AB09BB35-35D4-45FC-B0CF-E24ADCD9A17D}
	EndGlobalSection
EndGlobal
